{
    "name": "@disnetwork/engine",
    "version": "0.0.1",
    "lockfileVersion": 1,
    "requires": true,
    "dependencies": {
        "@disnetwork/core": {
            "version": "0.0.11",
            "resolved": "https://registry.npmjs.org/@disnetwork/core/-/core-0.0.11.tgz",
            "integrity": "sha512-9cbScJKuIwLvzjb8X3McaI58P9ULAj/7mSEWCIpzgsb5VpqWYcGfAhaGsHD9NA2uJowa8tk8J2NqiC1Czq/O9Q=="
        }
    }
}
