{
    "name": "@disnetwork/engine",
    "version": "0.0.1",
    "lockfileVersion": 1,
    "requires": true,
    "dependencies": {
        "@disnetwork/core": {
            "version": "0.0.12",
            "resolved": "https://registry.npmjs.org/@disnetwork/core/-/core-0.0.12.tgz",
            "integrity": "sha512-YhvAM4wqV0GHyEjmRalTBagVDDPS9U+0bsVHYtiLUZLCd7mk5+0hA1TKHcu6NN1ApCpyXNUusP9Avel3CNgsFA=="
        }
    }
}
